
Microsoft Visual Studio Solution File, Format Version 12.00
# Visual Studio 15
VisualStudioVersion = 15.0.28307.705
MinimumVisualStudioVersion = 10.0.40219.1
Project("{2150E333-8FDC-42A3-9474-1A3956D46DE8}") = "Microservices", "Microservices", "{D83C3A8F-7C41-4195-9C9F-9A1938A048B2}"
EndProject
Project("{2150E333-8FDC-42A3-9474-1A3956D46DE8}") = "Domain", "Domain", "{D61F5C40-4D11-4CF3-BEB1-12ED3B40EE82}"
EndProject
Project("{2150E333-8FDC-42A3-9474-1A3956D46DE8}") = "Infra.Bus", "Infra.Bus", "{E107AE88-F1F6-43AC-9ED6-9101C1BA35CC}"
EndProject
Project("{2150E333-8FDC-42A3-9474-1A3956D46DE8}") = "Infra.IoC", "Infra.IoC", "{A646B6AA-FE97-4AB4-B5DA-4697FF7068E8}"
EndProject
Project("{2150E333-8FDC-42A3-9474-1A3956D46DE8}") = "Presentation", "Presentation", "{4B7B5E5F-450F-4D95-BCAD-849C1B7E1B52}"
EndProject
Project("{9A19103F-16F7-4668-BE54-9A1E7A4F7556}") = "MicroRabbit.Domain.Core", "MicroRabbit.Domain.Core\MicroRabbit.Domain.Core.csproj", "{86D4AE45-5799-46F0-92C7-3179C9CEDDE1}"
EndProject
Project("{9A19103F-16F7-4668-BE54-9A1E7A4F7556}") = "MicroRabbit.Infra.Bus", "MicroRabbit.Infra.Bus\MicroRabbit.Infra.Bus.csproj", "{455E831F-C10D-48A5-870C-A506B4284CEB}"
EndProject
Project("{9A19103F-16F7-4668-BE54-9A1E7A4F7556}") = "MicroRabbit.Infra.IoC", "MicroRabbit.Infra.IoC\MicroRabbit.Infra.IoC.csproj", "{CA885DAB-4949-4DFC-8DC0-C11E22445E29}"
EndProject
Project("{2150E333-8FDC-42A3-9474-1A3956D46DE8}") = "Banking", "Banking", "{E011F92D-8F0C-475C-911E-66702ED8B732}"
EndProject
Project("{2150E333-8FDC-42A3-9474-1A3956D46DE8}") = "Domain", "Domain", "{5086C77A-27F4-4EB3-80DB-7D5D0CE13EDB}"
EndProject
Project("{2150E333-8FDC-42A3-9474-1A3956D46DE8}") = "Application", "Application", "{7793B544-7B33-4FFF-BB86-6C1F0C08574B}"
EndProject
Project("{2150E333-8FDC-42A3-9474-1A3956D46DE8}") = "Data", "Data", "{739A7C3A-B731-438A-8AD6-F223E30A3674}"
EndProject
Project("{9A19103F-16F7-4668-BE54-9A1E7A4F7556}") = "MicroRabbit.Banking.Application", "MicroRabbit.Banking.Application\MicroRabbit.Banking.Application.csproj", "{C72FB6E1-255B-49DE-91FF-2947B46C7B44}"
EndProject
Project("{9A19103F-16F7-4668-BE54-9A1E7A4F7556}") = "MicroRabbit.Banking.Data", "MicroRabbit.Banking.Data\MicroRabbit.Banking.Data.csproj", "{49E94A76-8145-41A1-9190-05D443B683F3}"
EndProject
Project("{9A19103F-16F7-4668-BE54-9A1E7A4F7556}") = "MicroRabbit.Banking.Domain", "MicroRabbit.Banking.Domain\MicroRabbit.Banking.Domain.csproj", "{64DACEF4-B1F2-4622-9482-D8514C2F0790}"
EndProject
Project("{2150E333-8FDC-42A3-9474-1A3956D46DE8}") = "API", "API", "{88FBA548-3B85-4178-BFE2-AF9F4DE0FE2C}"
EndProject
Project("{FAE04EC0-301F-11D3-BF4B-00C04F79EFBC}") = "MicroRabbit.Banking.Api", "MicroRabbit.Banking.Api\MicroRabbit.Banking.Api.csproj", "{3D81A930-7C9E-4E3E-9112-F0B7FF4CE732}"
EndProject
Global
	GlobalSection(SolutionConfigurationPlatforms) = preSolution
		Debug|Any CPU = Debug|Any CPU
		Release|Any CPU = Release|Any CPU
	EndGlobalSection
	GlobalSection(ProjectConfigurationPlatforms) = postSolution
		{86D4AE45-5799-46F0-92C7-3179C9CEDDE1}.Debug|Any CPU.ActiveCfg = Debug|Any CPU
		{86D4AE45-5799-46F0-92C7-3179C9CEDDE1}.Debug|Any CPU.Build.0 = Debug|Any CPU
		{86D4AE45-5799-46F0-92C7-3179C9CEDDE1}.Release|Any CPU.ActiveCfg = Release|Any CPU
		{86D4AE45-5799-46F0-92C7-3179C9CEDDE1}.Release|Any CPU.Build.0 = Release|Any CPU
		{455E831F-C10D-48A5-870C-A506B4284CEB}.Debug|Any CPU.ActiveCfg = Debug|Any CPU
		{455E831F-C10D-48A5-870C-A506B4284CEB}.Debug|Any CPU.Build.0 = Debug|Any CPU
		{455E831F-C10D-48A5-870C-A506B4284CEB}.Release|Any CPU.ActiveCfg = Release|Any CPU
		{455E831F-C10D-48A5-870C-A506B4284CEB}.Release|Any CPU.Build.0 = Release|Any CPU
		{CA885DAB-4949-4DFC-8DC0-C11E22445E29}.Debug|Any CPU.ActiveCfg = Debug|Any CPU
		{CA885DAB-4949-4DFC-8DC0-C11E22445E29}.Debug|Any CPU.Build.0 = Debug|Any CPU
		{CA885DAB-4949-4DFC-8DC0-C11E22445E29}.Release|Any CPU.ActiveCfg = Release|Any CPU
		{CA885DAB-4949-4DFC-8DC0-C11E22445E29}.Release|Any CPU.Build.0 = Release|Any CPU
		{C72FB6E1-255B-49DE-91FF-2947B46C7B44}.Debug|Any CPU.ActiveCfg = Debug|Any CPU
		{C72FB6E1-255B-49DE-91FF-2947B46C7B44}.Debug|Any CPU.Build.0 = Debug|Any CPU
		{C72FB6E1-255B-49DE-91FF-2947B46C7B44}.Release|Any CPU.ActiveCfg = Release|Any CPU
		{C72FB6E1-255B-49DE-91FF-2947B46C7B44}.Release|Any CPU.Build.0 = Release|Any CPU
		{49E94A76-8145-41A1-9190-05D443B683F3}.Debug|Any CPU.ActiveCfg = Debug|Any CPU
		{49E94A76-8145-41A1-9190-05D443B683F3}.Debug|Any CPU.Build.0 = Debug|Any CPU
		{49E94A76-8145-41A1-9190-05D443B683F3}.Release|Any CPU.ActiveCfg = Release|Any CPU
		{49E94A76-8145-41A1-9190-05D443B683F3}.Release|Any CPU.Build.0 = Release|Any CPU
		{64DACEF4-B1F2-4622-9482-D8514C2F0790}.Debug|Any CPU.ActiveCfg = Debug|Any CPU
		{64DACEF4-B1F2-4622-9482-D8514C2F0790}.Debug|Any CPU.Build.0 = Debug|Any CPU
		{64DACEF4-B1F2-4622-9482-D8514C2F0790}.Release|Any CPU.ActiveCfg = Release|Any CPU
		{64DACEF4-B1F2-4622-9482-D8514C2F0790}.Release|Any CPU.Build.0 = Release|Any CPU
		{3D81A930-7C9E-4E3E-9112-F0B7FF4CE732}.Debug|Any CPU.ActiveCfg = Debug|Any CPU
		{3D81A930-7C9E-4E3E-9112-F0B7FF4CE732}.Debug|Any CPU.Build.0 = Debug|Any CPU
		{3D81A930-7C9E-4E3E-9112-F0B7FF4CE732}.Release|Any CPU.ActiveCfg = Release|Any CPU
		{3D81A930-7C9E-4E3E-9112-F0B7FF4CE732}.Release|Any CPU.Build.0 = Release|Any CPU
	EndGlobalSection
	GlobalSection(SolutionProperties) = preSolution
		HideSolutionNode = FALSE
	EndGlobalSection
	GlobalSection(NestedProjects) = preSolution
		{86D4AE45-5799-46F0-92C7-3179C9CEDDE1} = {D61F5C40-4D11-4CF3-BEB1-12ED3B40EE82}
		{455E831F-C10D-48A5-870C-A506B4284CEB} = {E107AE88-F1F6-43AC-9ED6-9101C1BA35CC}
		{CA885DAB-4949-4DFC-8DC0-C11E22445E29} = {A646B6AA-FE97-4AB4-B5DA-4697FF7068E8}
		{E011F92D-8F0C-475C-911E-66702ED8B732} = {D83C3A8F-7C41-4195-9C9F-9A1938A048B2}
		{5086C77A-27F4-4EB3-80DB-7D5D0CE13EDB} = {E011F92D-8F0C-475C-911E-66702ED8B732}
		{7793B544-7B33-4FFF-BB86-6C1F0C08574B} = {E011F92D-8F0C-475C-911E-66702ED8B732}
		{739A7C3A-B731-438A-8AD6-F223E30A3674} = {E011F92D-8F0C-475C-911E-66702ED8B732}
		{C72FB6E1-255B-49DE-91FF-2947B46C7B44} = {7793B544-7B33-4FFF-BB86-6C1F0C08574B}
		{49E94A76-8145-41A1-9190-05D443B683F3} = {739A7C3A-B731-438A-8AD6-F223E30A3674}
		{64DACEF4-B1F2-4622-9482-D8514C2F0790} = {5086C77A-27F4-4EB3-80DB-7D5D0CE13EDB}
		{88FBA548-3B85-4178-BFE2-AF9F4DE0FE2C} = {E011F92D-8F0C-475C-911E-66702ED8B732}
		{3D81A930-7C9E-4E3E-9112-F0B7FF4CE732} = {88FBA548-3B85-4178-BFE2-AF9F4DE0FE2C}
	EndGlobalSection
	GlobalSection(ExtensibilityGlobals) = postSolution
		SolutionGuid = {219B007A-1B07-4A05-AF7B-8ACD62D97B48}
	EndGlobalSection
EndGlobal
